// !$*UTF8*$!
{
	archiveVersion = 1;
	classes = {
	};
	objectVersion = 56;
	objects = {

/* Begin PBXBuildFile section */
		0801765E2A74F4B0005E6953 /* UITextView+Extension.swift in Sources */ = {isa = PBXBuildFile; fileRef = 0801765D2A74F4B0005E6953 /* UITextView+Extension.swift */; };
		081228C62A69624000DFA094 /* PostLikesViewController.swift in Sources */ = {isa = PBXBuildFile; fileRef = 081228C52A69624000DFA094 /* PostLikesViewController.swift */; };
		081228CA2A699B5A00DFA094 /* LikedPeopleListTableViewCell.swift in Sources */ = {isa = PBXBuildFile; fileRef = 081228C82A699B5A00DFA094 /* LikedPeopleListTableViewCell.swift */; };
		081228CB2A699B5A00DFA094 /* LikedPeopleListTableViewCell.xib in Resources */ = {isa = PBXBuildFile; fileRef = 081228C92A699B5A00DFA094 /* LikedPeopleListTableViewCell.xib */; };
		0820B1902A63A18100604DA8 /* ReplyTableViewCell.swift in Sources */ = {isa = PBXBuildFile; fileRef = 0820B18E2A63A18100604DA8 /* ReplyTableViewCell.swift */; };
		0820B1912A63A18100604DA8 /* ReplyTableViewCell.xib in Resources */ = {isa = PBXBuildFile; fileRef = 0820B18F2A63A18100604DA8 /* ReplyTableViewCell.xib */; };
		0823B0742A5B0E780085002F /* CommentTableViewCell.swift in Sources */ = {isa = PBXBuildFile; fileRef = 0823B0722A5B0E780085002F /* CommentTableViewCell.swift */; };
		0823B0752A5B0E780085002F /* CommentTableViewCell.xib in Resources */ = {isa = PBXBuildFile; fileRef = 0823B0732A5B0E780085002F /* CommentTableViewCell.xib */; };
		084AF4C72A5D831100C6454A /* HomeCollectionViewCell.swift in Sources */ = {isa = PBXBuildFile; fileRef = 084AF4C52A5D831100C6454A /* HomeCollectionViewCell.swift */; };
		084AF4C82A5D831100C6454A /* HomeCollectionViewCell.xib in Resources */ = {isa = PBXBuildFile; fileRef = 084AF4C62A5D831100C6454A /* HomeCollectionViewCell.xib */; };
		0893E1622B09083C003CF3D8 /* PostDataService.swift in Sources */ = {isa = PBXBuildFile; fileRef = 0893E1612B09083C003CF3D8 /* PostDataService.swift */; };
		089C75882A51728A003AAB94 /* Pretendard-Regular.ttf in Resources */ = {isa = PBXBuildFile; fileRef = 089C757F2A517289003AAB94 /* Pretendard-Regular.ttf */; };
		089C75892A51728A003AAB94 /* Pretendard-Thin.ttf in Resources */ = {isa = PBXBuildFile; fileRef = 089C75802A517289003AAB94 /* Pretendard-Thin.ttf */; };
		089C758A2A51728A003AAB94 /* Pretendard-Black.ttf in Resources */ = {isa = PBXBuildFile; fileRef = 089C75812A517289003AAB94 /* Pretendard-Black.ttf */; };
		089C758B2A51728A003AAB94 /* Pretendard-SemiBold.ttf in Resources */ = {isa = PBXBuildFile; fileRef = 089C75822A51728A003AAB94 /* Pretendard-SemiBold.ttf */; };
		089C758C2A51728A003AAB94 /* Pretendard-Medium.ttf in Resources */ = {isa = PBXBuildFile; fileRef = 089C75832A51728A003AAB94 /* Pretendard-Medium.ttf */; };
		089C758D2A51728A003AAB94 /* Pretendard-Bold.ttf in Resources */ = {isa = PBXBuildFile; fileRef = 089C75842A51728A003AAB94 /* Pretendard-Bold.ttf */; };
		089C758E2A51728A003AAB94 /* Pretendard-ExtraBold.ttf in Resources */ = {isa = PBXBuildFile; fileRef = 089C75852A51728A003AAB94 /* Pretendard-ExtraBold.ttf */; };
		089C758F2A51728A003AAB94 /* Pretendard-Light.ttf in Resources */ = {isa = PBXBuildFile; fileRef = 089C75862A51728A003AAB94 /* Pretendard-Light.ttf */; };
		089C75902A51728A003AAB94 /* Pretendard-ExtraLight.ttf in Resources */ = {isa = PBXBuildFile; fileRef = 089C75872A51728A003AAB94 /* Pretendard-ExtraLight.ttf */; };
		08D98C472AFEE8B300E9A097 /* PostDataModel.swift in Sources */ = {isa = PBXBuildFile; fileRef = 08D98C462AFEE8B300E9A097 /* PostDataModel.swift */; };
		08D98C4A2AFEE8D700E9A097 /* LikedUsersDataModel.swift in Sources */ = {isa = PBXBuildFile; fileRef = 08D98C492AFEE8D700E9A097 /* LikedUsersDataModel.swift */; };
		08FD3A392B357E6400574880 /* LikedUsersDataService.swift in Sources */ = {isa = PBXBuildFile; fileRef = 08FD3A382B357E6400574880 /* LikedUsersDataService.swift */; };
		2FCBFE6DE98CEA8938EF93DC /* Pods_pochakTests.framework in Frameworks */ = {isa = PBXBuildFile; fileRef = 6E1916A70A802F298FF38F24 /* Pods_pochakTests.framework */; };
		373815162A89E6D30032066A /* SocialJoinViewController.swift in Sources */ = {isa = PBXBuildFile; fileRef = 373815152A89E6D30032066A /* SocialJoinViewController.swift */; };
		3738151A2A8A09DA0032066A /* MakeProfileViewController.swift in Sources */ = {isa = PBXBuildFile; fileRef = 373815192A8A09DA0032066A /* MakeProfileViewController.swift */; };
		376F125B2A8B7440005F469B /* SocialLoginViewController.swift in Sources */ = {isa = PBXBuildFile; fileRef = 376F125A2A8B7440005F469B /* SocialLoginViewController.swift */; };
		A6D48ED7F8B86CF57C481991 /* Pods_pochak_pochakUITests.framework in Frameworks */ = {isa = PBXBuildFile; fileRef = BC75B5747D3AC9026B862E11 /* Pods_pochak_pochakUITests.framework */; };
		AF5AAB97DDEAC75EAEDDCFE4 /* Pods_pochak.framework in Frameworks */ = {isa = PBXBuildFile; fileRef = A65A7656D9D72CC873C98FD4 /* Pods_pochak.framework */; };
		EA01079A2A59556800A3AE85 /* CommentViewController.swift in Sources */ = {isa = PBXBuildFile; fileRef = EA0107952A59556800A3AE85 /* CommentViewController.swift */; };
		EA01079B2A59556800A3AE85 /* HomeTabViewController.swift in Sources */ = {isa = PBXBuildFile; fileRef = EA0107962A59556800A3AE85 /* HomeTabViewController.swift */; };
		EA01079C2A59556800A3AE85 /* PostTabViewController.swift in Sources */ = {isa = PBXBuildFile; fileRef = EA0107972A59556800A3AE85 /* PostTabViewController.swift */; };
		EA01079D2A59556800A3AE85 /* InfoViewController.swift in Sources */ = {isa = PBXBuildFile; fileRef = EA0107982A59556800A3AE85 /* InfoViewController.swift */; };
		EA01079E2A59556800A3AE85 /* PostViewController.swift in Sources */ = {isa = PBXBuildFile; fileRef = EA0107992A59556800A3AE85 /* PostViewController.swift */; };
		EA0107A72A5CF73900A3AE85 /* AlarmViewController.swift in Sources */ = {isa = PBXBuildFile; fileRef = EA0107A62A5CF73900A3AE85 /* AlarmViewController.swift */; };
		EA0107AE2A5EC23900A3AE85 /* OtherCollectionViewCell.swift in Sources */ = {isa = PBXBuildFile; fileRef = EA0107AC2A5EC23900A3AE85 /* OtherCollectionViewCell.swift */; };
		EA0107AF2A5EC23900A3AE85 /* OtherCollectionViewCell.xib in Resources */ = {isa = PBXBuildFile; fileRef = EA0107AD2A5EC23900A3AE85 /* OtherCollectionViewCell.xib */; };
		EA0107B32A5ECB8A00A3AE85 /* PostCollectionViewCell.swift in Sources */ = {isa = PBXBuildFile; fileRef = EA0107B12A5ECB8A00A3AE85 /* PostCollectionViewCell.swift */; };
		EA0107B42A5ECB8A00A3AE85 /* PostCollectionViewCell.xib in Resources */ = {isa = PBXBuildFile; fileRef = EA0107B22A5ECB8A00A3AE85 /* PostCollectionViewCell.xib */; };
		EA17182B2A5912A7009168E6 /* CameraViewController.swift in Sources */ = {isa = PBXBuildFile; fileRef = EA1718292A5912A7009168E6 /* CameraViewController.swift */; };
		EA17182C2A5912A7009168E6 /* UploadViewController.swift in Sources */ = {isa = PBXBuildFile; fileRef = EA17182A2A5912A7009168E6 /* UploadViewController.swift */; };
		EA1718362A592BE3009168E6 /* AlarmCollectionViewCell.swift in Sources */ = {isa = PBXBuildFile; fileRef = EA1718342A592BE3009168E6 /* AlarmCollectionViewCell.swift */; };
		EA1718372A592BE3009168E6 /* AlarmCollectionViewCell.xib in Resources */ = {isa = PBXBuildFile; fileRef = EA1718352A592BE3009168E6 /* AlarmCollectionViewCell.xib */; };
		EA1B0B5B2A49D23A00F86FBC /* AppDelegate.swift in Sources */ = {isa = PBXBuildFile; fileRef = EA1B0B5A2A49D23A00F86FBC /* AppDelegate.swift */; };
		EA1B0B5D2A49D23A00F86FBC /* SceneDelegate.swift in Sources */ = {isa = PBXBuildFile; fileRef = EA1B0B5C2A49D23A00F86FBC /* SceneDelegate.swift */; };
		EA1B0B5F2A49D23A00F86FBC /* ViewController.swift in Sources */ = {isa = PBXBuildFile; fileRef = EA1B0B5E2A49D23A00F86FBC /* ViewController.swift */; };
		EA1B0B642A49D23B00F86FBC /* Assets.xcassets in Resources */ = {isa = PBXBuildFile; fileRef = EA1B0B632A49D23B00F86FBC /* Assets.xcassets */; };
		EA1B0B672A49D23B00F86FBC /* LaunchScreen.storyboard in Resources */ = {isa = PBXBuildFile; fileRef = EA1B0B652A49D23B00F86FBC /* LaunchScreen.storyboard */; };
		EA1B0B722A49D23B00F86FBC /* pochakTests.swift in Sources */ = {isa = PBXBuildFile; fileRef = EA1B0B712A49D23B00F86FBC /* pochakTests.swift */; };
		EA1B0B7C2A49D23B00F86FBC /* pochakUITests.swift in Sources */ = {isa = PBXBuildFile; fileRef = EA1B0B7B2A49D23B00F86FBC /* pochakUITests.swift */; };
		EA1B0B7E2A49D23B00F86FBC /* pochakUITestsLaunchTests.swift in Sources */ = {isa = PBXBuildFile; fileRef = EA1B0B7D2A49D23B00F86FBC /* pochakUITestsLaunchTests.swift */; };
		EA99B63C2A5143A800EBA2AD /* CameraTab.storyboard in Resources */ = {isa = PBXBuildFile; fileRef = EA99B63B2A5143A800EBA2AD /* CameraTab.storyboard */; };
		EA9F5CB22B0EF7BB0021951F /* UploadDataModel.swift in Sources */ = {isa = PBXBuildFile; fileRef = EA9F5CB12B0EF7BB0021951F /* UploadDataModel.swift */; };
		EA9F5CB42B0EF7CC0021951F /* UploadDataService.swift in Sources */ = {isa = PBXBuildFile; fileRef = EA9F5CB32B0EF7CC0021951F /* UploadDataService.swift */; };
		EAAACDB62A5168280041B1B9 /* Main.storyboard in Resources */ = {isa = PBXBuildFile; fileRef = EAAACDB42A5168280041B1B9 /* Main.storyboard */; };
		EABD20652A6CF5CC007543E9 /* TagCollectionViewCell.swift in Sources */ = {isa = PBXBuildFile; fileRef = EABD20632A6CF5CC007543E9 /* TagCollectionViewCell.swift */; };
		EABD20662A6CF5CC007543E9 /* TagCollectionViewCell.xib in Resources */ = {isa = PBXBuildFile; fileRef = EABD20642A6CF5CC007543E9 /* TagCollectionViewCell.xib */; };
		EAF9184E2AA462C50037C270 /* SearchResultTableViewCell.swift in Sources */ = {isa = PBXBuildFile; fileRef = EAF9184C2AA462C50037C270 /* SearchResultTableViewCell.swift */; };
		EAF9184F2AA462C50037C270 /* SearchResultTableViewCell.xib in Resources */ = {isa = PBXBuildFile; fileRef = EAF9184D2AA462C50037C270 /* SearchResultTableViewCell.xib */; };
		EAF918512AA468670037C270 /* APIConstants.swift in Sources */ = {isa = PBXBuildFile; fileRef = EAF918502AA468670037C270 /* APIConstants.swift */; };
		EAF918542AA4692E0037C270 /* NetworkResult.swift in Sources */ = {isa = PBXBuildFile; fileRef = EAF918532AA4692E0037C270 /* NetworkResult.swift */; };
		EAFB4B842A51478600E0F2FA /* HomeTab.storyboard in Resources */ = {isa = PBXBuildFile; fileRef = EAFB4B832A51478600E0F2FA /* HomeTab.storyboard */; };
		EAFB4B872A5147A300E0F2FA /* ProfileTab.storyboard in Resources */ = {isa = PBXBuildFile; fileRef = EAFB4B862A5147A300E0F2FA /* ProfileTab.storyboard */; };
		EAFB4B892A5147B400E0F2FA /* PostTab.storyboard in Resources */ = {isa = PBXBuildFile; fileRef = EAFB4B882A5147B400E0F2FA /* PostTab.storyboard */; };
		EAFB4B8B2A5147C400E0F2FA /* AlarmTab.storyboard in Resources */ = {isa = PBXBuildFile; fileRef = EAFB4B8A2A5147C400E0F2FA /* AlarmTab.storyboard */; };
		EAFB4B8F2A514B2600E0F2FA /* TabbarController.swift in Sources */ = {isa = PBXBuildFile; fileRef = EAFB4B8E2A514B2600E0F2FA /* TabbarController.swift */; };
/* End PBXBuildFile section */

/* Begin PBXContainerItemProxy section */
		EA1B0B6E2A49D23B00F86FBC /* PBXContainerItemProxy */ = {
			isa = PBXContainerItemProxy;
			containerPortal = EA1B0B4F2A49D23A00F86FBC /* Project object */;
			proxyType = 1;
			remoteGlobalIDString = EA1B0B562A49D23A00F86FBC;
			remoteInfo = pochak;
		};
		EA1B0B782A49D23B00F86FBC /* PBXContainerItemProxy */ = {
			isa = PBXContainerItemProxy;
			containerPortal = EA1B0B4F2A49D23A00F86FBC /* Project object */;
			proxyType = 1;
			remoteGlobalIDString = EA1B0B562A49D23A00F86FBC;
			remoteInfo = pochak;
		};
/* End PBXContainerItemProxy section */

/* Begin PBXFileReference section */
		0801765D2A74F4B0005E6953 /* UITextView+Extension.swift */ = {isa = PBXFileReference; lastKnownFileType = sourcecode.swift; path = "UITextView+Extension.swift"; sourceTree = "<group>"; };
		081228C52A69624000DFA094 /* PostLikesViewController.swift */ = {isa = PBXFileReference; lastKnownFileType = sourcecode.swift; path = PostLikesViewController.swift; sourceTree = "<group>"; };
		081228C82A699B5A00DFA094 /* LikedPeopleListTableViewCell.swift */ = {isa = PBXFileReference; lastKnownFileType = sourcecode.swift; path = LikedPeopleListTableViewCell.swift; sourceTree = "<group>"; };
		081228C92A699B5A00DFA094 /* LikedPeopleListTableViewCell.xib */ = {isa = PBXFileReference; lastKnownFileType = file.xib; path = LikedPeopleListTableViewCell.xib; sourceTree = "<group>"; };
		0820B18E2A63A18100604DA8 /* ReplyTableViewCell.swift */ = {isa = PBXFileReference; lastKnownFileType = sourcecode.swift; path = ReplyTableViewCell.swift; sourceTree = "<group>"; };
		0820B18F2A63A18100604DA8 /* ReplyTableViewCell.xib */ = {isa = PBXFileReference; lastKnownFileType = file.xib; path = ReplyTableViewCell.xib; sourceTree = "<group>"; };
		0823B0722A5B0E780085002F /* CommentTableViewCell.swift */ = {isa = PBXFileReference; lastKnownFileType = sourcecode.swift; path = CommentTableViewCell.swift; sourceTree = "<group>"; };
		0823B0732A5B0E780085002F /* CommentTableViewCell.xib */ = {isa = PBXFileReference; lastKnownFileType = file.xib; path = CommentTableViewCell.xib; sourceTree = "<group>"; };
		084AF4C52A5D831100C6454A /* HomeCollectionViewCell.swift */ = {isa = PBXFileReference; lastKnownFileType = sourcecode.swift; path = HomeCollectionViewCell.swift; sourceTree = "<group>"; };
		084AF4C62A5D831100C6454A /* HomeCollectionViewCell.xib */ = {isa = PBXFileReference; lastKnownFileType = file.xib; path = HomeCollectionViewCell.xib; sourceTree = "<group>"; };
		0893E1612B09083C003CF3D8 /* PostDataService.swift */ = {isa = PBXFileReference; lastKnownFileType = sourcecode.swift; path = PostDataService.swift; sourceTree = "<group>"; };
		089C757F2A517289003AAB94 /* Pretendard-Regular.ttf */ = {isa = PBXFileReference; lastKnownFileType = file; path = "Pretendard-Regular.ttf"; sourceTree = "<group>"; };
		089C75802A517289003AAB94 /* Pretendard-Thin.ttf */ = {isa = PBXFileReference; lastKnownFileType = file; path = "Pretendard-Thin.ttf"; sourceTree = "<group>"; };
		089C75812A517289003AAB94 /* Pretendard-Black.ttf */ = {isa = PBXFileReference; lastKnownFileType = file; path = "Pretendard-Black.ttf"; sourceTree = "<group>"; };
		089C75822A51728A003AAB94 /* Pretendard-SemiBold.ttf */ = {isa = PBXFileReference; lastKnownFileType = file; path = "Pretendard-SemiBold.ttf"; sourceTree = "<group>"; };
		089C75832A51728A003AAB94 /* Pretendard-Medium.ttf */ = {isa = PBXFileReference; lastKnownFileType = file; path = "Pretendard-Medium.ttf"; sourceTree = "<group>"; };
		089C75842A51728A003AAB94 /* Pretendard-Bold.ttf */ = {isa = PBXFileReference; lastKnownFileType = file; path = "Pretendard-Bold.ttf"; sourceTree = "<group>"; };
		089C75852A51728A003AAB94 /* Pretendard-ExtraBold.ttf */ = {isa = PBXFileReference; lastKnownFileType = file; path = "Pretendard-ExtraBold.ttf"; sourceTree = "<group>"; };
		089C75862A51728A003AAB94 /* Pretendard-Light.ttf */ = {isa = PBXFileReference; lastKnownFileType = file; path = "Pretendard-Light.ttf"; sourceTree = "<group>"; };
		089C75872A51728A003AAB94 /* Pretendard-ExtraLight.ttf */ = {isa = PBXFileReference; lastKnownFileType = file; path = "Pretendard-ExtraLight.ttf"; sourceTree = "<group>"; };
		08D98C462AFEE8B300E9A097 /* PostDataModel.swift */ = {isa = PBXFileReference; lastKnownFileType = sourcecode.swift; path = PostDataModel.swift; sourceTree = "<group>"; };
		08D98C492AFEE8D700E9A097 /* LikedUsersDataModel.swift */ = {isa = PBXFileReference; lastKnownFileType = sourcecode.swift; path = LikedUsersDataModel.swift; sourceTree = "<group>"; };
		08FD3A382B357E6400574880 /* LikedUsersDataService.swift */ = {isa = PBXFileReference; lastKnownFileType = sourcecode.swift; path = LikedUsersDataService.swift; sourceTree = "<group>"; };
		0994FB0CA794651C5C9BDE8F /* Pods-pochak-pochakUITests.debug.xcconfig */ = {isa = PBXFileReference; includeInIndex = 1; lastKnownFileType = text.xcconfig; name = "Pods-pochak-pochakUITests.debug.xcconfig"; path = "Target Support Files/Pods-pochak-pochakUITests/Pods-pochak-pochakUITests.debug.xcconfig"; sourceTree = "<group>"; };
		0DB83F3ED818C9AF01F6A8E0 /* Pods-pochak.release.xcconfig */ = {isa = PBXFileReference; includeInIndex = 1; lastKnownFileType = text.xcconfig; name = "Pods-pochak.release.xcconfig"; path = "Target Support Files/Pods-pochak/Pods-pochak.release.xcconfig"; sourceTree = "<group>"; };
		373815152A89E6D30032066A /* SocialJoinViewController.swift */ = {isa = PBXFileReference; lastKnownFileType = sourcecode.swift; path = SocialJoinViewController.swift; sourceTree = "<group>"; };
		373815192A8A09DA0032066A /* MakeProfileViewController.swift */ = {isa = PBXFileReference; lastKnownFileType = sourcecode.swift; path = MakeProfileViewController.swift; sourceTree = "<group>"; };
		376F125A2A8B7440005F469B /* SocialLoginViewController.swift */ = {isa = PBXFileReference; lastKnownFileType = sourcecode.swift; path = SocialLoginViewController.swift; sourceTree = "<group>"; };
		67EA6B5B881844A22EE2A55B /* Pods-pochak.debug.xcconfig */ = {isa = PBXFileReference; includeInIndex = 1; lastKnownFileType = text.xcconfig; name = "Pods-pochak.debug.xcconfig"; path = "Target Support Files/Pods-pochak/Pods-pochak.debug.xcconfig"; sourceTree = "<group>"; };
		6E1916A70A802F298FF38F24 /* Pods_pochakTests.framework */ = {isa = PBXFileReference; explicitFileType = wrapper.framework; includeInIndex = 0; path = Pods_pochakTests.framework; sourceTree = BUILT_PRODUCTS_DIR; };
		9D5440AA571B5DB6291304B2 /* Pods-pochakTests.debug.xcconfig */ = {isa = PBXFileReference; includeInIndex = 1; lastKnownFileType = text.xcconfig; name = "Pods-pochakTests.debug.xcconfig"; path = "Target Support Files/Pods-pochakTests/Pods-pochakTests.debug.xcconfig"; sourceTree = "<group>"; };
		A5D3B19C2AEC946ECCF7054B /* Pods-pochakTests.release.xcconfig */ = {isa = PBXFileReference; includeInIndex = 1; lastKnownFileType = text.xcconfig; name = "Pods-pochakTests.release.xcconfig"; path = "Target Support Files/Pods-pochakTests/Pods-pochakTests.release.xcconfig"; sourceTree = "<group>"; };
		A65A7656D9D72CC873C98FD4 /* Pods_pochak.framework */ = {isa = PBXFileReference; explicitFileType = wrapper.framework; includeInIndex = 0; path = Pods_pochak.framework; sourceTree = BUILT_PRODUCTS_DIR; };
		BC75B5747D3AC9026B862E11 /* Pods_pochak_pochakUITests.framework */ = {isa = PBXFileReference; explicitFileType = wrapper.framework; includeInIndex = 0; path = Pods_pochak_pochakUITests.framework; sourceTree = BUILT_PRODUCTS_DIR; };
		EA0107952A59556800A3AE85 /* CommentViewController.swift */ = {isa = PBXFileReference; fileEncoding = 4; lastKnownFileType = sourcecode.swift; path = CommentViewController.swift; sourceTree = "<group>"; };
		EA0107962A59556800A3AE85 /* HomeTabViewController.swift */ = {isa = PBXFileReference; fileEncoding = 4; lastKnownFileType = sourcecode.swift; path = HomeTabViewController.swift; sourceTree = "<group>"; };
		EA0107972A59556800A3AE85 /* PostTabViewController.swift */ = {isa = PBXFileReference; fileEncoding = 4; lastKnownFileType = sourcecode.swift; path = PostTabViewController.swift; sourceTree = "<group>"; };
		EA0107982A59556800A3AE85 /* InfoViewController.swift */ = {isa = PBXFileReference; fileEncoding = 4; lastKnownFileType = sourcecode.swift; path = InfoViewController.swift; sourceTree = "<group>"; };
		EA0107992A59556800A3AE85 /* PostViewController.swift */ = {isa = PBXFileReference; fileEncoding = 4; lastKnownFileType = sourcecode.swift; path = PostViewController.swift; sourceTree = "<group>"; };
		EA0107A62A5CF73900A3AE85 /* AlarmViewController.swift */ = {isa = PBXFileReference; lastKnownFileType = sourcecode.swift; path = AlarmViewController.swift; sourceTree = "<group>"; };
		EA0107AC2A5EC23900A3AE85 /* OtherCollectionViewCell.swift */ = {isa = PBXFileReference; lastKnownFileType = sourcecode.swift; path = OtherCollectionViewCell.swift; sourceTree = "<group>"; };
		EA0107AD2A5EC23900A3AE85 /* OtherCollectionViewCell.xib */ = {isa = PBXFileReference; lastKnownFileType = file.xib; path = OtherCollectionViewCell.xib; sourceTree = "<group>"; };
		EA0107B12A5ECB8A00A3AE85 /* PostCollectionViewCell.swift */ = {isa = PBXFileReference; lastKnownFileType = sourcecode.swift; path = PostCollectionViewCell.swift; sourceTree = "<group>"; };
		EA0107B22A5ECB8A00A3AE85 /* PostCollectionViewCell.xib */ = {isa = PBXFileReference; lastKnownFileType = file.xib; path = PostCollectionViewCell.xib; sourceTree = "<group>"; };
		EA1718292A5912A7009168E6 /* CameraViewController.swift */ = {isa = PBXFileReference; fileEncoding = 4; lastKnownFileType = sourcecode.swift; path = CameraViewController.swift; sourceTree = "<group>"; };
		EA17182A2A5912A7009168E6 /* UploadViewController.swift */ = {isa = PBXFileReference; fileEncoding = 4; lastKnownFileType = sourcecode.swift; path = UploadViewController.swift; sourceTree = "<group>"; };
		EA1718342A592BE3009168E6 /* AlarmCollectionViewCell.swift */ = {isa = PBXFileReference; lastKnownFileType = sourcecode.swift; path = AlarmCollectionViewCell.swift; sourceTree = "<group>"; };
		EA1718352A592BE3009168E6 /* AlarmCollectionViewCell.xib */ = {isa = PBXFileReference; lastKnownFileType = file.xib; path = AlarmCollectionViewCell.xib; sourceTree = "<group>"; };
		EA1B0B572A49D23A00F86FBC /* pochak.app */ = {isa = PBXFileReference; explicitFileType = wrapper.application; includeInIndex = 0; path = pochak.app; sourceTree = BUILT_PRODUCTS_DIR; };
		EA1B0B5A2A49D23A00F86FBC /* AppDelegate.swift */ = {isa = PBXFileReference; lastKnownFileType = sourcecode.swift; path = AppDelegate.swift; sourceTree = "<group>"; };
		EA1B0B5C2A49D23A00F86FBC /* SceneDelegate.swift */ = {isa = PBXFileReference; lastKnownFileType = sourcecode.swift; path = SceneDelegate.swift; sourceTree = "<group>"; };
		EA1B0B5E2A49D23A00F86FBC /* ViewController.swift */ = {isa = PBXFileReference; lastKnownFileType = sourcecode.swift; path = ViewController.swift; sourceTree = "<group>"; };
		EA1B0B632A49D23B00F86FBC /* Assets.xcassets */ = {isa = PBXFileReference; lastKnownFileType = folder.assetcatalog; path = Assets.xcassets; sourceTree = "<group>"; };
		EA1B0B662A49D23B00F86FBC /* Base */ = {isa = PBXFileReference; lastKnownFileType = file.storyboard; name = Base; path = Base.lproj/LaunchScreen.storyboard; sourceTree = "<group>"; };
		EA1B0B682A49D23B00F86FBC /* Info.plist */ = {isa = PBXFileReference; lastKnownFileType = text.plist.xml; path = Info.plist; sourceTree = "<group>"; };
		EA1B0B6D2A49D23B00F86FBC /* pochakTests.xctest */ = {isa = PBXFileReference; explicitFileType = wrapper.cfbundle; includeInIndex = 0; path = pochakTests.xctest; sourceTree = BUILT_PRODUCTS_DIR; };
		EA1B0B712A49D23B00F86FBC /* pochakTests.swift */ = {isa = PBXFileReference; lastKnownFileType = sourcecode.swift; path = pochakTests.swift; sourceTree = "<group>"; };
		EA1B0B772A49D23B00F86FBC /* pochakUITests.xctest */ = {isa = PBXFileReference; explicitFileType = wrapper.cfbundle; includeInIndex = 0; path = pochakUITests.xctest; sourceTree = BUILT_PRODUCTS_DIR; };
		EA1B0B7B2A49D23B00F86FBC /* pochakUITests.swift */ = {isa = PBXFileReference; lastKnownFileType = sourcecode.swift; path = pochakUITests.swift; sourceTree = "<group>"; };
		EA1B0B7D2A49D23B00F86FBC /* pochakUITestsLaunchTests.swift */ = {isa = PBXFileReference; lastKnownFileType = sourcecode.swift; path = pochakUITestsLaunchTests.swift; sourceTree = "<group>"; };
		EA99B63B2A5143A800EBA2AD /* CameraTab.storyboard */ = {isa = PBXFileReference; lastKnownFileType = file.storyboard; path = CameraTab.storyboard; sourceTree = "<group>"; };
		EA9F5CB12B0EF7BB0021951F /* UploadDataModel.swift */ = {isa = PBXFileReference; lastKnownFileType = sourcecode.swift; path = UploadDataModel.swift; sourceTree = "<group>"; };
		EA9F5CB32B0EF7CC0021951F /* UploadDataService.swift */ = {isa = PBXFileReference; lastKnownFileType = sourcecode.swift; path = UploadDataService.swift; sourceTree = "<group>"; };
		EAAACDB52A5168280041B1B9 /* Base */ = {isa = PBXFileReference; lastKnownFileType = file.storyboard; name = Base; path = Base.lproj/Main.storyboard; sourceTree = "<group>"; };
		EABD20632A6CF5CC007543E9 /* TagCollectionViewCell.swift */ = {isa = PBXFileReference; lastKnownFileType = sourcecode.swift; path = TagCollectionViewCell.swift; sourceTree = "<group>"; };
		EABD20642A6CF5CC007543E9 /* TagCollectionViewCell.xib */ = {isa = PBXFileReference; lastKnownFileType = file.xib; path = TagCollectionViewCell.xib; sourceTree = "<group>"; };
		EAF9184C2AA462C50037C270 /* SearchResultTableViewCell.swift */ = {isa = PBXFileReference; lastKnownFileType = sourcecode.swift; path = SearchResultTableViewCell.swift; sourceTree = "<group>"; };
		EAF9184D2AA462C50037C270 /* SearchResultTableViewCell.xib */ = {isa = PBXFileReference; lastKnownFileType = file.xib; path = SearchResultTableViewCell.xib; sourceTree = "<group>"; };
		EAF918502AA468670037C270 /* APIConstants.swift */ = {isa = PBXFileReference; lastKnownFileType = sourcecode.swift; path = APIConstants.swift; sourceTree = "<group>"; };
		EAF918532AA4692E0037C270 /* NetworkResult.swift */ = {isa = PBXFileReference; lastKnownFileType = sourcecode.swift; path = NetworkResult.swift; sourceTree = "<group>"; };
		EAFB4B832A51478600E0F2FA /* HomeTab.storyboard */ = {isa = PBXFileReference; lastKnownFileType = file.storyboard; path = HomeTab.storyboard; sourceTree = "<group>"; };
		EAFB4B862A5147A300E0F2FA /* ProfileTab.storyboard */ = {isa = PBXFileReference; lastKnownFileType = file.storyboard; path = ProfileTab.storyboard; sourceTree = "<group>"; };
		EAFB4B882A5147B400E0F2FA /* PostTab.storyboard */ = {isa = PBXFileReference; lastKnownFileType = file.storyboard; path = PostTab.storyboard; sourceTree = "<group>"; };
		EAFB4B8A2A5147C400E0F2FA /* AlarmTab.storyboard */ = {isa = PBXFileReference; lastKnownFileType = file.storyboard; path = AlarmTab.storyboard; sourceTree = "<group>"; };
		EAFB4B8E2A514B2600E0F2FA /* TabbarController.swift */ = {isa = PBXFileReference; lastKnownFileType = sourcecode.swift; path = TabbarController.swift; sourceTree = "<group>"; };
		F9A6AE07B1A942C2FFC48F28 /* Pods-pochak-pochakUITests.release.xcconfig */ = {isa = PBXFileReference; includeInIndex = 1; lastKnownFileType = text.xcconfig; name = "Pods-pochak-pochakUITests.release.xcconfig"; path = "Target Support Files/Pods-pochak-pochakUITests/Pods-pochak-pochakUITests.release.xcconfig"; sourceTree = "<group>"; };
/* End PBXFileReference section */

/* Begin PBXFrameworksBuildPhase section */
		EA1B0B542A49D23A00F86FBC /* Frameworks */ = {
			isa = PBXFrameworksBuildPhase;
			buildActionMask = 2147483647;
			files = (
				AF5AAB97DDEAC75EAEDDCFE4 /* Pods_pochak.framework in Frameworks */,
			);
			runOnlyForDeploymentPostprocessing = 0;
		};
		EA1B0B6A2A49D23B00F86FBC /* Frameworks */ = {
			isa = PBXFrameworksBuildPhase;
			buildActionMask = 2147483647;
			files = (
				2FCBFE6DE98CEA8938EF93DC /* Pods_pochakTests.framework in Frameworks */,
			);
			runOnlyForDeploymentPostprocessing = 0;
		};
		EA1B0B742A49D23B00F86FBC /* Frameworks */ = {
			isa = PBXFrameworksBuildPhase;
			buildActionMask = 2147483647;
			files = (
				A6D48ED7F8B86CF57C481991 /* Pods_pochak_pochakUITests.framework in Frameworks */,
			);
			runOnlyForDeploymentPostprocessing = 0;
		};
/* End PBXFrameworksBuildPhase section */

/* Begin PBXGroup section */
		081228C72A699B1100DFA094 /* Likes */ = {
			isa = PBXGroup;
			children = (
				081228C52A69624000DFA094 /* PostLikesViewController.swift */,
				081228C82A699B5A00DFA094 /* LikedPeopleListTableViewCell.swift */,
				081228C92A699B5A00DFA094 /* LikedPeopleListTableViewCell.xib */,
			);
			path = Likes;
			sourceTree = "<group>";
		};
		0823B0762A5D6BC20085002F /* Post */ = {
			isa = PBXGroup;
			children = (
				08D98C452AFEE87E00E9A097 /* PostDataManager */,
				EA0107992A59556800A3AE85 /* PostViewController.swift */,
				081228C72A699B1100DFA094 /* Likes */,
				0823B0772A5D6C290085002F /* Comment */,
			);
			path = Post;
			sourceTree = "<group>";
		};
		0823B0772A5D6C290085002F /* Comment */ = {
			isa = PBXGroup;
			children = (
				EA0107952A59556800A3AE85 /* CommentViewController.swift */,
				0823B0782A5D6DA40085002F /* cell */,
			);
			path = Comment;
			sourceTree = "<group>";
		};
		0823B0782A5D6DA40085002F /* cell */ = {
			isa = PBXGroup;
			children = (
				0823B0732A5B0E780085002F /* CommentTableViewCell.xib */,
				0823B0722A5B0E780085002F /* CommentTableViewCell.swift */,
				0820B18E2A63A18100604DA8 /* ReplyTableViewCell.swift */,
				0820B18F2A63A18100604DA8 /* ReplyTableViewCell.xib */,
			);
			path = cell;
			sourceTree = "<group>";
		};
		0823B0792A5D6F1E0085002F /* Home */ = {
			isa = PBXGroup;
			children = (
				EA0107962A59556800A3AE85 /* HomeTabViewController.swift */,
				EA0107982A59556800A3AE85 /* InfoViewController.swift */,
				0823B07A2A5D771B0085002F /* cell */,
			);
			path = Home;
			sourceTree = "<group>";
		};
		0823B07A2A5D771B0085002F /* cell */ = {
			isa = PBXGroup;
			children = (
				084AF4C52A5D831100C6454A /* HomeCollectionViewCell.swift */,
				084AF4C62A5D831100C6454A /* HomeCollectionViewCell.xib */,
			);
			path = cell;
			sourceTree = "<group>";
		};
		089C757A2A51713C003AAB94 /* Fonts */ = {
			isa = PBXGroup;
			children = (
				089C75812A517289003AAB94 /* Pretendard-Black.ttf */,
				089C75842A51728A003AAB94 /* Pretendard-Bold.ttf */,
				089C75852A51728A003AAB94 /* Pretendard-ExtraBold.ttf */,
				089C75872A51728A003AAB94 /* Pretendard-ExtraLight.ttf */,
				089C75862A51728A003AAB94 /* Pretendard-Light.ttf */,
				089C75832A51728A003AAB94 /* Pretendard-Medium.ttf */,
				089C757F2A517289003AAB94 /* Pretendard-Regular.ttf */,
				089C75822A51728A003AAB94 /* Pretendard-SemiBold.ttf */,
				089C75802A517289003AAB94 /* Pretendard-Thin.ttf */,
			);
			path = Fonts;
			sourceTree = "<group>";
		};
		08D98C452AFEE87E00E9A097 /* PostDataManager */ = {
			isa = PBXGroup;
			children = (
				08D98C482AFEE8C100E9A097 /* LikesDataManager */,
				08D98C462AFEE8B300E9A097 /* PostDataModel.swift */,
				0893E1612B09083C003CF3D8 /* PostDataService.swift */,
			);
			path = PostDataManager;
			sourceTree = "<group>";
		};
		08D98C482AFEE8C100E9A097 /* LikesDataManager */ = {
			isa = PBXGroup;
			children = (
				08D98C492AFEE8D700E9A097 /* LikedUsersDataModel.swift */,
				08FD3A382B357E6400574880 /* LikedUsersDataService.swift */,
			);
			path = LikesDataManager;
			sourceTree = "<group>";
		};
		373815142A89E6BE0032066A /* Onboarding */ = {
			isa = PBXGroup;
			children = (
				373815152A89E6D30032066A /* SocialJoinViewController.swift */,
				373815192A8A09DA0032066A /* MakeProfileViewController.swift */,
				376F125A2A8B7440005F469B /* SocialLoginViewController.swift */,
			);
			path = Onboarding;
			sourceTree = "<group>";
		};
		A526D36E9922857B343AC7F0 /* Pods */ = {
			isa = PBXGroup;
			children = (
				67EA6B5B881844A22EE2A55B /* Pods-pochak.debug.xcconfig */,
				0DB83F3ED818C9AF01F6A8E0 /* Pods-pochak.release.xcconfig */,
				0994FB0CA794651C5C9BDE8F /* Pods-pochak-pochakUITests.debug.xcconfig */,
				F9A6AE07B1A942C2FFC48F28 /* Pods-pochak-pochakUITests.release.xcconfig */,
				9D5440AA571B5DB6291304B2 /* Pods-pochakTests.debug.xcconfig */,
				A5D3B19C2AEC946ECCF7054B /* Pods-pochakTests.release.xcconfig */,
			);
			path = Pods;
			sourceTree = "<group>";
		};
		BDC17F86F20255B8BDA204A0 /* Frameworks */ = {
			isa = PBXGroup;
			children = (
				A65A7656D9D72CC873C98FD4 /* Pods_pochak.framework */,
				BC75B5747D3AC9026B862E11 /* Pods_pochak_pochakUITests.framework */,
				6E1916A70A802F298FF38F24 /* Pods_pochakTests.framework */,
			);
			name = Frameworks;
			sourceTree = "<group>";
		};
		EA1718272A591271009168E6 /* Upload */ = {
			isa = PBXGroup;
			children = (
				EA9F5CB02B0EF7930021951F /* UploadDataManager */,
				EA1718282A591282009168E6 /* Camera */,
			);
			path = Upload;
			sourceTree = "<group>";
		};
		EA1718282A591282009168E6 /* Camera */ = {
			isa = PBXGroup;
			children = (
				EA1718292A5912A7009168E6 /* CameraViewController.swift */,
				EA17182A2A5912A7009168E6 /* UploadViewController.swift */,
				EABD20632A6CF5CC007543E9 /* TagCollectionViewCell.swift */,
				EABD20642A6CF5CC007543E9 /* TagCollectionViewCell.xib */,
			);
			path = Camera;
			sourceTree = "<group>";
		};
		EA17182D2A592A08009168E6 /* Alarm */ = {
			isa = PBXGroup;
			children = (
				EA1718342A592BE3009168E6 /* AlarmCollectionViewCell.swift */,
				EA1718352A592BE3009168E6 /* AlarmCollectionViewCell.xib */,
				EA0107A62A5CF73900A3AE85 /* AlarmViewController.swift */,
				EA0107AC2A5EC23900A3AE85 /* OtherCollectionViewCell.swift */,
				EA0107AD2A5EC23900A3AE85 /* OtherCollectionViewCell.xib */,
			);
			path = Alarm;
			sourceTree = "<group>";
		};
		EA1B0B4E2A49D23A00F86FBC = {
			isa = PBXGroup;
			children = (
				EA1B0B592A49D23A00F86FBC /* pochak */,
				EA1B0B702A49D23B00F86FBC /* pochakTests */,
				EA1B0B7A2A49D23B00F86FBC /* pochakUITests */,
				EA1B0B582A49D23A00F86FBC /* Products */,
				A526D36E9922857B343AC7F0 /* Pods */,
				BDC17F86F20255B8BDA204A0 /* Frameworks */,
			);
			sourceTree = "<group>";
		};
		EA1B0B582A49D23A00F86FBC /* Products */ = {
			isa = PBXGroup;
			children = (
				EA1B0B572A49D23A00F86FBC /* pochak.app */,
				EA1B0B6D2A49D23B00F86FBC /* pochakTests.xctest */,
				EA1B0B772A49D23B00F86FBC /* pochakUITests.xctest */,
			);
			name = Products;
			sourceTree = "<group>";
		};
		EA1B0B592A49D23A00F86FBC /* pochak */ = {
			isa = PBXGroup;
			children = (
				EAF918522AA468FF0037C270 /* Network */,
				373815142A89E6BE0032066A /* Onboarding */,
				EA2B09882A629EED0005EA8B /* PostTab */,
				0823B0792A5D6F1E0085002F /* Home */,
				0823B0762A5D6BC20085002F /* Post */,
				EA17182D2A592A08009168E6 /* Alarm */,
				EA1718272A591271009168E6 /* Upload */,
				089C757A2A51713C003AAB94 /* Fonts */,
				EAAACDB42A5168280041B1B9 /* Main.storyboard */,
				EA1B0B5A2A49D23A00F86FBC /* AppDelegate.swift */,
				EA1B0B5C2A49D23A00F86FBC /* SceneDelegate.swift */,
				EA1B0B5E2A49D23A00F86FBC /* ViewController.swift */,
				EA1B0B632A49D23B00F86FBC /* Assets.xcassets */,
				EA1B0B652A49D23B00F86FBC /* LaunchScreen.storyboard */,
				EA1B0B682A49D23B00F86FBC /* Info.plist */,
				EA99B63B2A5143A800EBA2AD /* CameraTab.storyboard */,
				EAFB4B832A51478600E0F2FA /* HomeTab.storyboard */,
				EAFB4B862A5147A300E0F2FA /* ProfileTab.storyboard */,
				EAFB4B882A5147B400E0F2FA /* PostTab.storyboard */,
				EAFB4B8A2A5147C400E0F2FA /* AlarmTab.storyboard */,
				EAFB4B8E2A514B2600E0F2FA /* TabbarController.swift */,
				0801765D2A74F4B0005E6953 /* UITextView+Extension.swift */,
			);
			path = pochak;
			sourceTree = "<group>";
		};
		EA1B0B702A49D23B00F86FBC /* pochakTests */ = {
			isa = PBXGroup;
			children = (
				EA1B0B712A49D23B00F86FBC /* pochakTests.swift */,
			);
			path = pochakTests;
			sourceTree = "<group>";
		};
		EA1B0B7A2A49D23B00F86FBC /* pochakUITests */ = {
			isa = PBXGroup;
			children = (
				EA1B0B7B2A49D23B00F86FBC /* pochakUITests.swift */,
				EA1B0B7D2A49D23B00F86FBC /* pochakUITestsLaunchTests.swift */,
			);
			path = pochakUITests;
			sourceTree = "<group>";
		};
		EA2B09882A629EED0005EA8B /* PostTab */ = {
			isa = PBXGroup;
			children = (
				EAF9184B2AA462930037C270 /* cell */,
				EA0107972A59556800A3AE85 /* PostTabViewController.swift */,
			);
			path = PostTab;
			sourceTree = "<group>";
		};
		EA9F5CB02B0EF7930021951F /* UploadDataManager */ = {
			isa = PBXGroup;
			children = (
				EA9F5CB12B0EF7BB0021951F /* UploadDataModel.swift */,
				EA9F5CB32B0EF7CC0021951F /* UploadDataService.swift */,
			);
			path = UploadDataManager;
			sourceTree = "<group>";
		};
		EAF9184B2AA462930037C270 /* cell */ = {
			isa = PBXGroup;
			children = (
				EA0107B12A5ECB8A00A3AE85 /* PostCollectionViewCell.swift */,
				EA0107B22A5ECB8A00A3AE85 /* PostCollectionViewCell.xib */,
				EAF9184C2AA462C50037C270 /* SearchResultTableViewCell.swift */,
				EAF9184D2AA462C50037C270 /* SearchResultTableViewCell.xib */,
			);
			path = cell;
			sourceTree = "<group>";
		};
		EAF918522AA468FF0037C270 /* Network */ = {
			isa = PBXGroup;
			children = (
				EAF918502AA468670037C270 /* APIConstants.swift */,
				EAF918532AA4692E0037C270 /* NetworkResult.swift */,
			);
			path = Network;
			sourceTree = "<group>";
		};
/* End PBXGroup section */

/* Begin PBXNativeTarget section */
		EA1B0B562A49D23A00F86FBC /* pochak */ = {
			isa = PBXNativeTarget;
			buildConfigurationList = EA1B0B812A49D23B00F86FBC /* Build configuration list for PBXNativeTarget "pochak" */;
			buildPhases = (
				DFB444394226E6589450B718 /* [CP] Check Pods Manifest.lock */,
				EA1B0B532A49D23A00F86FBC /* Sources */,
				EA1B0B542A49D23A00F86FBC /* Frameworks */,
				EA1B0B552A49D23A00F86FBC /* Resources */,
				42914AF2E4C4F9BD17F4DE35 /* [CP] Embed Pods Frameworks */,
			);
			buildRules = (
			);
			dependencies = (
			);
			name = pochak;
			productName = pochak;
			productReference = EA1B0B572A49D23A00F86FBC /* pochak.app */;
			productType = "com.apple.product-type.application";
		};
		EA1B0B6C2A49D23B00F86FBC /* pochakTests */ = {
			isa = PBXNativeTarget;
			buildConfigurationList = EA1B0B842A49D23B00F86FBC /* Build configuration list for PBXNativeTarget "pochakTests" */;
			buildPhases = (
				23F02C78EFBCD81179944B0A /* [CP] Check Pods Manifest.lock */,
				EA1B0B692A49D23B00F86FBC /* Sources */,
				EA1B0B6A2A49D23B00F86FBC /* Frameworks */,
				EA1B0B6B2A49D23B00F86FBC /* Resources */,
			);
			buildRules = (
			);
			dependencies = (
				EA1B0B6F2A49D23B00F86FBC /* PBXTargetDependency */,
			);
			name = pochakTests;
			productName = pochakTests;
			productReference = EA1B0B6D2A49D23B00F86FBC /* pochakTests.xctest */;
			productType = "com.apple.product-type.bundle.unit-test";
		};
		EA1B0B762A49D23B00F86FBC /* pochakUITests */ = {
			isa = PBXNativeTarget;
			buildConfigurationList = EA1B0B872A49D23B00F86FBC /* Build configuration list for PBXNativeTarget "pochakUITests" */;
			buildPhases = (
				F0DDD486106194338BA7DCC7 /* [CP] Check Pods Manifest.lock */,
				EA1B0B732A49D23B00F86FBC /* Sources */,
				EA1B0B742A49D23B00F86FBC /* Frameworks */,
				EA1B0B752A49D23B00F86FBC /* Resources */,
				F0BA8870B3C73640294FA57C /* [CP] Embed Pods Frameworks */,
			);
			buildRules = (
			);
			dependencies = (
				EA1B0B792A49D23B00F86FBC /* PBXTargetDependency */,
			);
			name = pochakUITests;
			productName = pochakUITests;
			productReference = EA1B0B772A49D23B00F86FBC /* pochakUITests.xctest */;
			productType = "com.apple.product-type.bundle.ui-testing";
		};
/* End PBXNativeTarget section */

/* Begin PBXProject section */
		EA1B0B4F2A49D23A00F86FBC /* Project object */ = {
			isa = PBXProject;
			attributes = {
				BuildIndependentTargetsInParallel = 1;
				LastSwiftUpdateCheck = 1430;
				LastUpgradeCheck = 1430;
				TargetAttributes = {
					EA1B0B562A49D23A00F86FBC = {
						CreatedOnToolsVersion = 14.3;
					};
					EA1B0B6C2A49D23B00F86FBC = {
						CreatedOnToolsVersion = 14.3;
						TestTargetID = EA1B0B562A49D23A00F86FBC;
					};
					EA1B0B762A49D23B00F86FBC = {
						CreatedOnToolsVersion = 14.3;
						TestTargetID = EA1B0B562A49D23A00F86FBC;
					};
				};
			};
			buildConfigurationList = EA1B0B522A49D23A00F86FBC /* Build configuration list for PBXProject "pochak" */;
			compatibilityVersion = "Xcode 14.0";
			developmentRegion = en;
			hasScannedForEncodings = 0;
			knownRegions = (
				en,
				Base,
			);
			mainGroup = EA1B0B4E2A49D23A00F86FBC;
			productRefGroup = EA1B0B582A49D23A00F86FBC /* Products */;
			projectDirPath = "";
			projectRoot = "";
			targets = (
				EA1B0B562A49D23A00F86FBC /* pochak */,
				EA1B0B6C2A49D23B00F86FBC /* pochakTests */,
				EA1B0B762A49D23B00F86FBC /* pochakUITests */,
			);
		};
/* End PBXProject section */

/* Begin PBXResourcesBuildPhase section */
		EA1B0B552A49D23A00F86FBC /* Resources */ = {
			isa = PBXResourcesBuildPhase;
			buildActionMask = 2147483647;
			files = (
				EAF9184F2AA462C50037C270 /* SearchResultTableViewCell.xib in Resources */,
				EAFB4B892A5147B400E0F2FA /* PostTab.storyboard in Resources */,
				089C758D2A51728A003AAB94 /* Pretendard-Bold.ttf in Resources */,
				0820B1912A63A18100604DA8 /* ReplyTableViewCell.xib in Resources */,
				089C758F2A51728A003AAB94 /* Pretendard-Light.ttf in Resources */,
				081228CB2A699B5A00DFA094 /* LikedPeopleListTableViewCell.xib in Resources */,
				EAFB4B872A5147A300E0F2FA /* ProfileTab.storyboard in Resources */,
				EA0107B42A5ECB8A00A3AE85 /* PostCollectionViewCell.xib in Resources */,
				089C75882A51728A003AAB94 /* Pretendard-Regular.ttf in Resources */,
				EA99B63C2A5143A800EBA2AD /* CameraTab.storyboard in Resources */,
				EAFB4B842A51478600E0F2FA /* HomeTab.storyboard in Resources */,
				EA1B0B672A49D23B00F86FBC /* LaunchScreen.storyboard in Resources */,
				EA0107AF2A5EC23900A3AE85 /* OtherCollectionViewCell.xib in Resources */,
				EAAACDB62A5168280041B1B9 /* Main.storyboard in Resources */,
				EAFB4B8B2A5147C400E0F2FA /* AlarmTab.storyboard in Resources */,
				089C75892A51728A003AAB94 /* Pretendard-Thin.ttf in Resources */,
				EA1718372A592BE3009168E6 /* AlarmCollectionViewCell.xib in Resources */,
				EA1B0B642A49D23B00F86FBC /* Assets.xcassets in Resources */,
				0823B0752A5B0E780085002F /* CommentTableViewCell.xib in Resources */,
				089C758A2A51728A003AAB94 /* Pretendard-Black.ttf in Resources */,
				084AF4C82A5D831100C6454A /* HomeCollectionViewCell.xib in Resources */,
				089C758C2A51728A003AAB94 /* Pretendard-Medium.ttf in Resources */,
				089C75902A51728A003AAB94 /* Pretendard-ExtraLight.ttf in Resources */,
				EABD20662A6CF5CC007543E9 /* TagCollectionViewCell.xib in Resources */,
				089C758B2A51728A003AAB94 /* Pretendard-SemiBold.ttf in Resources */,
				089C758E2A51728A003AAB94 /* Pretendard-ExtraBold.ttf in Resources */,
			);
			runOnlyForDeploymentPostprocessing = 0;
		};
		EA1B0B6B2A49D23B00F86FBC /* Resources */ = {
			isa = PBXResourcesBuildPhase;
			buildActionMask = 2147483647;
			files = (
			);
			runOnlyForDeploymentPostprocessing = 0;
		};
		EA1B0B752A49D23B00F86FBC /* Resources */ = {
			isa = PBXResourcesBuildPhase;
			buildActionMask = 2147483647;
			files = (
			);
			runOnlyForDeploymentPostprocessing = 0;
		};
/* End PBXResourcesBuildPhase section */

/* Begin PBXShellScriptBuildPhase section */
		23F02C78EFBCD81179944B0A /* [CP] Check Pods Manifest.lock */ = {
			isa = PBXShellScriptBuildPhase;
			buildActionMask = 2147483647;
			files = (
			);
			inputFileListPaths = (
			);
			inputPaths = (
				"${PODS_PODFILE_DIR_PATH}/Podfile.lock",
				"${PODS_ROOT}/Manifest.lock",
			);
			name = "[CP] Check Pods Manifest.lock";
			outputFileListPaths = (
			);
			outputPaths = (
				"$(DERIVED_FILE_DIR)/Pods-pochakTests-checkManifestLockResult.txt",
			);
			runOnlyForDeploymentPostprocessing = 0;
			shellPath = /bin/sh;
			shellScript = "diff \"${PODS_PODFILE_DIR_PATH}/Podfile.lock\" \"${PODS_ROOT}/Manifest.lock\" > /dev/null\nif [ $? != 0 ] ; then\n    # print error to STDERR\n    echo \"error: The sandbox is not in sync with the Podfile.lock. Run 'pod install' or update your CocoaPods installation.\" >&2\n    exit 1\nfi\n# This output is used by Xcode 'outputs' to avoid re-running this script phase.\necho \"SUCCESS\" > \"${SCRIPT_OUTPUT_FILE_0}\"\n";
			showEnvVarsInLog = 0;
		};
		42914AF2E4C4F9BD17F4DE35 /* [CP] Embed Pods Frameworks */ = {
			isa = PBXShellScriptBuildPhase;
			buildActionMask = 2147483647;
			files = (
			);
			inputFileListPaths = (
				"${PODS_ROOT}/Target Support Files/Pods-pochak/Pods-pochak-frameworks-${CONFIGURATION}-input-files.xcfilelist",
			);
			name = "[CP] Embed Pods Frameworks";
			outputFileListPaths = (
				"${PODS_ROOT}/Target Support Files/Pods-pochak/Pods-pochak-frameworks-${CONFIGURATION}-output-files.xcfilelist",
			);
			runOnlyForDeploymentPostprocessing = 0;
			shellPath = /bin/sh;
			shellScript = "\"${PODS_ROOT}/Target Support Files/Pods-pochak/Pods-pochak-frameworks.sh\"\n";
			showEnvVarsInLog = 0;
		};
		DFB444394226E6589450B718 /* [CP] Check Pods Manifest.lock */ = {
			isa = PBXShellScriptBuildPhase;
			buildActionMask = 2147483647;
			files = (
			);
			inputFileListPaths = (
			);
			inputPaths = (
				"${PODS_PODFILE_DIR_PATH}/Podfile.lock",
				"${PODS_ROOT}/Manifest.lock",
			);
			name = "[CP] Check Pods Manifest.lock";
			outputFileListPaths = (
			);
			outputPaths = (
				"$(DERIVED_FILE_DIR)/Pods-pochak-checkManifestLockResult.txt",
			);
			runOnlyForDeploymentPostprocessing = 0;
			shellPath = /bin/sh;
			shellScript = "diff \"${PODS_PODFILE_DIR_PATH}/Podfile.lock\" \"${PODS_ROOT}/Manifest.lock\" > /dev/null\nif [ $? != 0 ] ; then\n    # print error to STDERR\n    echo \"error: The sandbox is not in sync with the Podfile.lock. Run 'pod install' or update your CocoaPods installation.\" >&2\n    exit 1\nfi\n# This output is used by Xcode 'outputs' to avoid re-running this script phase.\necho \"SUCCESS\" > \"${SCRIPT_OUTPUT_FILE_0}\"\n";
			showEnvVarsInLog = 0;
		};
		F0BA8870B3C73640294FA57C /* [CP] Embed Pods Frameworks */ = {
			isa = PBXShellScriptBuildPhase;
			buildActionMask = 2147483647;
			files = (
			);
			inputFileListPaths = (
				"${PODS_ROOT}/Target Support Files/Pods-pochak-pochakUITests/Pods-pochak-pochakUITests-frameworks-${CONFIGURATION}-input-files.xcfilelist",
			);
			name = "[CP] Embed Pods Frameworks";
			outputFileListPaths = (
				"${PODS_ROOT}/Target Support Files/Pods-pochak-pochakUITests/Pods-pochak-pochakUITests-frameworks-${CONFIGURATION}-output-files.xcfilelist",
			);
			runOnlyForDeploymentPostprocessing = 0;
			shellPath = /bin/sh;
			shellScript = "\"${PODS_ROOT}/Target Support Files/Pods-pochak-pochakUITests/Pods-pochak-pochakUITests-frameworks.sh\"\n";
			showEnvVarsInLog = 0;
		};
		F0DDD486106194338BA7DCC7 /* [CP] Check Pods Manifest.lock */ = {
			isa = PBXShellScriptBuildPhase;
			buildActionMask = 2147483647;
			files = (
			);
			inputFileListPaths = (
			);
			inputPaths = (
				"${PODS_PODFILE_DIR_PATH}/Podfile.lock",
				"${PODS_ROOT}/Manifest.lock",
			);
			name = "[CP] Check Pods Manifest.lock";
			outputFileListPaths = (
			);
			outputPaths = (
				"$(DERIVED_FILE_DIR)/Pods-pochak-pochakUITests-checkManifestLockResult.txt",
			);
			runOnlyForDeploymentPostprocessing = 0;
			shellPath = /bin/sh;
			shellScript = "diff \"${PODS_PODFILE_DIR_PATH}/Podfile.lock\" \"${PODS_ROOT}/Manifest.lock\" > /dev/null\nif [ $? != 0 ] ; then\n    # print error to STDERR\n    echo \"error: The sandbox is not in sync with the Podfile.lock. Run 'pod install' or update your CocoaPods installation.\" >&2\n    exit 1\nfi\n# This output is used by Xcode 'outputs' to avoid re-running this script phase.\necho \"SUCCESS\" > \"${SCRIPT_OUTPUT_FILE_0}\"\n";
			showEnvVarsInLog = 0;
		};
/* End PBXShellScriptBuildPhase section */

/* Begin PBXSourcesBuildPhase section */
		EA1B0B532A49D23A00F86FBC /* Sources */ = {
			isa = PBXSourcesBuildPhase;
			buildActionMask = 2147483647;
			files = (
				EA01079E2A59556800A3AE85 /* PostViewController.swift in Sources */,
				EA0107AE2A5EC23900A3AE85 /* OtherCollectionViewCell.swift in Sources */,
				EA9F5CB42B0EF7CC0021951F /* UploadDataService.swift in Sources */,
				EA9F5CB22B0EF7BB0021951F /* UploadDataModel.swift in Sources */,
				EA0107A72A5CF73900A3AE85 /* AlarmViewController.swift in Sources */,
				EA01079C2A59556800A3AE85 /* PostTabViewController.swift in Sources */,
				EA01079D2A59556800A3AE85 /* InfoViewController.swift in Sources */,
				08D98C4A2AFEE8D700E9A097 /* LikedUsersDataModel.swift in Sources */,
				EA0107B32A5ECB8A00A3AE85 /* PostCollectionViewCell.swift in Sources */,
				EA01079A2A59556800A3AE85 /* CommentViewController.swift in Sources */,
				08D98C472AFEE8B300E9A097 /* PostDataModel.swift in Sources */,
				EA1B0B5F2A49D23A00F86FBC /* ViewController.swift in Sources */,
				EA17182C2A5912A7009168E6 /* UploadViewController.swift in Sources */,
				373815162A89E6D30032066A /* SocialJoinViewController.swift in Sources */,
				3738151A2A8A09DA0032066A /* MakeProfileViewController.swift in Sources */,
				EA17182B2A5912A7009168E6 /* CameraViewController.swift in Sources */,
				084AF4C72A5D831100C6454A /* HomeCollectionViewCell.swift in Sources */,
				EAFB4B8F2A514B2600E0F2FA /* TabbarController.swift in Sources */,
				EAF9184E2AA462C50037C270 /* SearchResultTableViewCell.swift in Sources */,
				EABD20652A6CF5CC007543E9 /* TagCollectionViewCell.swift in Sources */,
				0823B0742A5B0E780085002F /* CommentTableViewCell.swift in Sources */,
				0801765E2A74F4B0005E6953 /* UITextView+Extension.swift in Sources */,
				081228C62A69624000DFA094 /* PostLikesViewController.swift in Sources */,
				EA01079B2A59556800A3AE85 /* HomeTabViewController.swift in Sources */,
				0820B1902A63A18100604DA8 /* ReplyTableViewCell.swift in Sources */,
				0893E1622B09083C003CF3D8 /* PostDataService.swift in Sources */,
				EA1718362A592BE3009168E6 /* AlarmCollectionViewCell.swift in Sources */,
				376F125B2A8B7440005F469B /* SocialLoginViewController.swift in Sources */,
				EAF918512AA468670037C270 /* APIConstants.swift in Sources */,
				EA1B0B5B2A49D23A00F86FBC /* AppDelegate.swift in Sources */,
				08FD3A392B357E6400574880 /* LikedUsersDataService.swift in Sources */,
				081228CA2A699B5A00DFA094 /* LikedPeopleListTableViewCell.swift in Sources */,
				EA1B0B5D2A49D23A00F86FBC /* SceneDelegate.swift in Sources */,
				EAF918542AA4692E0037C270 /* NetworkResult.swift in Sources */,
			);
			runOnlyForDeploymentPostprocessing = 0;
		};
		EA1B0B692A49D23B00F86FBC /* Sources */ = {
			isa = PBXSourcesBuildPhase;
			buildActionMask = 2147483647;
			files = (
				EA1B0B722A49D23B00F86FBC /* pochakTests.swift in Sources */,
			);
			runOnlyForDeploymentPostprocessing = 0;
		};
		EA1B0B732A49D23B00F86FBC /* Sources */ = {
			isa = PBXSourcesBuildPhase;
			buildActionMask = 2147483647;
			files = (
				EA1B0B7E2A49D23B00F86FBC /* pochakUITestsLaunchTests.swift in Sources */,
				EA1B0B7C2A49D23B00F86FBC /* pochakUITests.swift in Sources */,
			);
			runOnlyForDeploymentPostprocessing = 0;
		};
/* End PBXSourcesBuildPhase section */

/* Begin PBXTargetDependency section */
		EA1B0B6F2A49D23B00F86FBC /* PBXTargetDependency */ = {
			isa = PBXTargetDependency;
			target = EA1B0B562A49D23A00F86FBC /* pochak */;
			targetProxy = EA1B0B6E2A49D23B00F86FBC /* PBXContainerItemProxy */;
		};
		EA1B0B792A49D23B00F86FBC /* PBXTargetDependency */ = {
			isa = PBXTargetDependency;
			target = EA1B0B562A49D23A00F86FBC /* pochak */;
			targetProxy = EA1B0B782A49D23B00F86FBC /* PBXContainerItemProxy */;
		};
/* End PBXTargetDependency section */

/* Begin PBXVariantGroup section */
		EA1B0B652A49D23B00F86FBC /* LaunchScreen.storyboard */ = {
			isa = PBXVariantGroup;
			children = (
				EA1B0B662A49D23B00F86FBC /* Base */,
			);
			name = LaunchScreen.storyboard;
			sourceTree = "<group>";
		};
		EAAACDB42A5168280041B1B9 /* Main.storyboard */ = {
			isa = PBXVariantGroup;
			children = (
				EAAACDB52A5168280041B1B9 /* Base */,
			);
			name = Main.storyboard;
			sourceTree = "<group>";
		};
/* End PBXVariantGroup section */

/* Begin XCBuildConfiguration section */
		EA1B0B7F2A49D23B00F86FBC /* Debug */ = {
			isa = XCBuildConfiguration;
			buildSettings = {
				ALWAYS_SEARCH_USER_PATHS = NO;
				CLANG_ANALYZER_NONNULL = YES;
				CLANG_ANALYZER_NUMBER_OBJECT_CONVERSION = YES_AGGRESSIVE;
				CLANG_CXX_LANGUAGE_STANDARD = "gnu++20";
				CLANG_ENABLE_MODULES = YES;
				CLANG_ENABLE_OBJC_ARC = YES;
				CLANG_ENABLE_OBJC_WEAK = YES;
				CLANG_WARN_BLOCK_CAPTURE_AUTORELEASING = YES;
				CLANG_WARN_BOOL_CONVERSION = YES;
				CLANG_WARN_COMMA = YES;
				CLANG_WARN_CONSTANT_CONVERSION = YES;
				CLANG_WARN_DEPRECATED_OBJC_IMPLEMENTATIONS = YES;
				CLANG_WARN_DIRECT_OBJC_ISA_USAGE = YES_ERROR;
				CLANG_WARN_DOCUMENTATION_COMMENTS = YES;
				CLANG_WARN_EMPTY_BODY = YES;
				CLANG_WARN_ENUM_CONVERSION = YES;
				CLANG_WARN_INFINITE_RECURSION = YES;
				CLANG_WARN_INT_CONVERSION = YES;
				CLANG_WARN_NON_LITERAL_NULL_CONVERSION = YES;
				CLANG_WARN_OBJC_IMPLICIT_RETAIN_SELF = YES;
				CLANG_WARN_OBJC_LITERAL_CONVERSION = YES;
				CLANG_WARN_OBJC_ROOT_CLASS = YES_ERROR;
				CLANG_WARN_QUOTED_INCLUDE_IN_FRAMEWORK_HEADER = YES;
				CLANG_WARN_RANGE_LOOP_ANALYSIS = YES;
				CLANG_WARN_STRICT_PROTOTYPES = YES;
				CLANG_WARN_SUSPICIOUS_MOVE = YES;
				CLANG_WARN_UNGUARDED_AVAILABILITY = YES_AGGRESSIVE;
				CLANG_WARN_UNREACHABLE_CODE = YES;
				CLANG_WARN__DUPLICATE_METHOD_MATCH = YES;
				COPY_PHASE_STRIP = NO;
				DEBUG_INFORMATION_FORMAT = dwarf;
				ENABLE_STRICT_OBJC_MSGSEND = YES;
				ENABLE_TESTABILITY = YES;
				GCC_C_LANGUAGE_STANDARD = gnu11;
				GCC_DYNAMIC_NO_PIC = NO;
				GCC_NO_COMMON_BLOCKS = YES;
				GCC_OPTIMIZATION_LEVEL = 0;
				GCC_PREPROCESSOR_DEFINITIONS = (
					"DEBUG=1",
					"$(inherited)",
				);
				GCC_WARN_64_TO_32_BIT_CONVERSION = YES;
				GCC_WARN_ABOUT_RETURN_TYPE = YES_ERROR;
				GCC_WARN_UNDECLARED_SELECTOR = YES;
				GCC_WARN_UNINITIALIZED_AUTOS = YES_AGGRESSIVE;
				GCC_WARN_UNUSED_FUNCTION = YES;
				GCC_WARN_UNUSED_VARIABLE = YES;
				IPHONEOS_DEPLOYMENT_TARGET = 16.4;
				MTL_ENABLE_DEBUG_INFO = INCLUDE_SOURCE;
				MTL_FAST_MATH = YES;
				ONLY_ACTIVE_ARCH = YES;
				SDKROOT = iphoneos;
				SWIFT_ACTIVE_COMPILATION_CONDITIONS = DEBUG;
				SWIFT_OPTIMIZATION_LEVEL = "-Onone";
			};
			name = Debug;
		};
		EA1B0B802A49D23B00F86FBC /* Release */ = {
			isa = XCBuildConfiguration;
			buildSettings = {
				ALWAYS_SEARCH_USER_PATHS = NO;
				CLANG_ANALYZER_NONNULL = YES;
				CLANG_ANALYZER_NUMBER_OBJECT_CONVERSION = YES_AGGRESSIVE;
				CLANG_CXX_LANGUAGE_STANDARD = "gnu++20";
				CLANG_ENABLE_MODULES = YES;
				CLANG_ENABLE_OBJC_ARC = YES;
				CLANG_ENABLE_OBJC_WEAK = YES;
				CLANG_WARN_BLOCK_CAPTURE_AUTORELEASING = YES;
				CLANG_WARN_BOOL_CONVERSION = YES;
				CLANG_WARN_COMMA = YES;
				CLANG_WARN_CONSTANT_CONVERSION = YES;
				CLANG_WARN_DEPRECATED_OBJC_IMPLEMENTATIONS = YES;
				CLANG_WARN_DIRECT_OBJC_ISA_USAGE = YES_ERROR;
				CLANG_WARN_DOCUMENTATION_COMMENTS = YES;
				CLANG_WARN_EMPTY_BODY = YES;
				CLANG_WARN_ENUM_CONVERSION = YES;
				CLANG_WARN_INFINITE_RECURSION = YES;
				CLANG_WARN_INT_CONVERSION = YES;
				CLANG_WARN_NON_LITERAL_NULL_CONVERSION = YES;
				CLANG_WARN_OBJC_IMPLICIT_RETAIN_SELF = YES;
				CLANG_WARN_OBJC_LITERAL_CONVERSION = YES;
				CLANG_WARN_OBJC_ROOT_CLASS = YES_ERROR;
				CLANG_WARN_QUOTED_INCLUDE_IN_FRAMEWORK_HEADER = YES;
				CLANG_WARN_RANGE_LOOP_ANALYSIS = YES;
				CLANG_WARN_STRICT_PROTOTYPES = YES;
				CLANG_WARN_SUSPICIOUS_MOVE = YES;
				CLANG_WARN_UNGUARDED_AVAILABILITY = YES_AGGRESSIVE;
				CLANG_WARN_UNREACHABLE_CODE = YES;
				CLANG_WARN__DUPLICATE_METHOD_MATCH = YES;
				COPY_PHASE_STRIP = NO;
				DEBUG_INFORMATION_FORMAT = "dwarf-with-dsym";
				ENABLE_NS_ASSERTIONS = NO;
				ENABLE_STRICT_OBJC_MSGSEND = YES;
				GCC_C_LANGUAGE_STANDARD = gnu11;
				GCC_NO_COMMON_BLOCKS = YES;
				GCC_WARN_64_TO_32_BIT_CONVERSION = YES;
				GCC_WARN_ABOUT_RETURN_TYPE = YES_ERROR;
				GCC_WARN_UNDECLARED_SELECTOR = YES;
				GCC_WARN_UNINITIALIZED_AUTOS = YES_AGGRESSIVE;
				GCC_WARN_UNUSED_FUNCTION = YES;
				GCC_WARN_UNUSED_VARIABLE = YES;
				IPHONEOS_DEPLOYMENT_TARGET = 16.4;
				MTL_ENABLE_DEBUG_INFO = NO;
				MTL_FAST_MATH = YES;
				SDKROOT = iphoneos;
				SWIFT_COMPILATION_MODE = wholemodule;
				SWIFT_OPTIMIZATION_LEVEL = "-O";
				VALIDATE_PRODUCT = YES;
			};
			name = Release;
		};
		EA1B0B822A49D23B00F86FBC /* Debug */ = {
			isa = XCBuildConfiguration;
			baseConfigurationReference = 67EA6B5B881844A22EE2A55B /* Pods-pochak.debug.xcconfig */;
			buildSettings = {
				ASSETCATALOG_COMPILER_APPICON_NAME = AppIcon;
				ASSETCATALOG_COMPILER_GLOBAL_ACCENT_COLOR_NAME = AccentColor;
				CODE_SIGN_STYLE = Automatic;
				CURRENT_PROJECT_VERSION = 1;
				DEVELOPMENT_TEAM = 5JW43Z44U6;
				GENERATE_INFOPLIST_FILE = YES;
				INFOPLIST_FILE = pochak/Info.plist;
				INFOPLIST_KEY_NSCameraUsageDescription = "카메라 권한이 필요합니다";
				INFOPLIST_KEY_NSPhotoLibraryAddUsageDescription = "사진을 저장합니다.";
				INFOPLIST_KEY_NSPhotoLibraryUsageDescription = "앨범에서 사진 선택 ";
				INFOPLIST_KEY_UIApplicationSupportsIndirectInputEvents = YES;
				INFOPLIST_KEY_UILaunchStoryboardName = LaunchScreen;
				INFOPLIST_KEY_UIMainStoryboardFile = Main;
				INFOPLIST_KEY_UISupportedInterfaceOrientations_iPad = "UIInterfaceOrientationPortrait UIInterfaceOrientationPortraitUpsideDown UIInterfaceOrientationLandscapeLeft UIInterfaceOrientationLandscapeRight";
				INFOPLIST_KEY_UISupportedInterfaceOrientations_iPhone = "UIInterfaceOrientationPortrait UIInterfaceOrientationLandscapeLeft UIInterfaceOrientationLandscapeRight";
				IPHONEOS_DEPLOYMENT_TARGET = 16.0;
				LD_RUNPATH_SEARCH_PATHS = (
					"$(inherited)",
					"@executable_path/Frameworks",
				);
				MARKETING_VERSION = 1.0;
				PRODUCT_BUNDLE_IDENTIFIER = site.apps.pochak;
				PRODUCT_NAME = "$(TARGET_NAME)";
				SWIFT_EMIT_LOC_STRINGS = YES;
				SWIFT_VERSION = 5.0;
				TARGETED_DEVICE_FAMILY = "1,2";
			};
			name = Debug;
		};
		EA1B0B832A49D23B00F86FBC /* Release */ = {
			isa = XCBuildConfiguration;
			baseConfigurationReference = 0DB83F3ED818C9AF01F6A8E0 /* Pods-pochak.release.xcconfig */;
			buildSettings = {
				ASSETCATALOG_COMPILER_APPICON_NAME = AppIcon;
				ASSETCATALOG_COMPILER_GLOBAL_ACCENT_COLOR_NAME = AccentColor;
				CODE_SIGN_STYLE = Automatic;
				CURRENT_PROJECT_VERSION = 1;
				DEVELOPMENT_TEAM = 5JW43Z44U6;
				GENERATE_INFOPLIST_FILE = YES;
				INFOPLIST_FILE = pochak/Info.plist;
				INFOPLIST_KEY_NSCameraUsageDescription = "카메라 권한이 필요합니다";
				INFOPLIST_KEY_NSPhotoLibraryAddUsageDescription = "사진을 저장합니다.";
				INFOPLIST_KEY_NSPhotoLibraryUsageDescription = "앨범에서 사진 선택 ";
				INFOPLIST_KEY_UIApplicationSupportsIndirectInputEvents = YES;
				INFOPLIST_KEY_UILaunchStoryboardName = LaunchScreen;
				INFOPLIST_KEY_UIMainStoryboardFile = Main;
				INFOPLIST_KEY_UISupportedInterfaceOrientations_iPad = "UIInterfaceOrientationPortrait UIInterfaceOrientationPortraitUpsideDown UIInterfaceOrientationLandscapeLeft UIInterfaceOrientationLandscapeRight";
				INFOPLIST_KEY_UISupportedInterfaceOrientations_iPhone = "UIInterfaceOrientationPortrait UIInterfaceOrientationLandscapeLeft UIInterfaceOrientationLandscapeRight";
				IPHONEOS_DEPLOYMENT_TARGET = 16.0;
				LD_RUNPATH_SEARCH_PATHS = (
					"$(inherited)",
					"@executable_path/Frameworks",
				);
				MARKETING_VERSION = 1.0;
				PRODUCT_BUNDLE_IDENTIFIER = site.apps.pochak;
				PRODUCT_NAME = "$(TARGET_NAME)";
				SWIFT_EMIT_LOC_STRINGS = YES;
				SWIFT_VERSION = 5.0;
				TARGETED_DEVICE_FAMILY = "1,2";
			};
			name = Release;
		};
		EA1B0B852A49D23B00F86FBC /* Debug */ = {
			isa = XCBuildConfiguration;
			baseConfigurationReference = 9D5440AA571B5DB6291304B2 /* Pods-pochakTests.debug.xcconfig */;
			buildSettings = {
				ALWAYS_EMBED_SWIFT_STANDARD_LIBRARIES = YES;
				BUNDLE_LOADER = "$(TEST_HOST)";
				CODE_SIGN_STYLE = Automatic;
				CURRENT_PROJECT_VERSION = 1;
				DEVELOPMENT_TEAM = 5JW43Z44U6;
				GENERATE_INFOPLIST_FILE = YES;
				IPHONEOS_DEPLOYMENT_TARGET = 16.4;
				MARKETING_VERSION = 1.0;
				PRODUCT_BUNDLE_IDENTIFIER = nari.pochakTests;
				PRODUCT_NAME = "$(TARGET_NAME)";
				SWIFT_EMIT_LOC_STRINGS = NO;
				SWIFT_VERSION = 5.0;
				TARGETED_DEVICE_FAMILY = "1,2";
				TEST_HOST = "$(BUILT_PRODUCTS_DIR)/pochak.app/$(BUNDLE_EXECUTABLE_FOLDER_PATH)/pochak";
			};
			name = Debug;
		};
		EA1B0B862A49D23B00F86FBC /* Release */ = {
			isa = XCBuildConfiguration;
			baseConfigurationReference = A5D3B19C2AEC946ECCF7054B /* Pods-pochakTests.release.xcconfig */;
			buildSettings = {
				ALWAYS_EMBED_SWIFT_STANDARD_LIBRARIES = YES;
				BUNDLE_LOADER = "$(TEST_HOST)";
				CODE_SIGN_STYLE = Automatic;
				CURRENT_PROJECT_VERSION = 1;
				DEVELOPMENT_TEAM = 5JW43Z44U6;
				GENERATE_INFOPLIST_FILE = YES;
				IPHONEOS_DEPLOYMENT_TARGET = 16.4;
				MARKETING_VERSION = 1.0;
				PRODUCT_BUNDLE_IDENTIFIER = nari.pochakTests;
				PRODUCT_NAME = "$(TARGET_NAME)";
				SWIFT_EMIT_LOC_STRINGS = NO;
				SWIFT_VERSION = 5.0;
				TARGETED_DEVICE_FAMILY = "1,2";
				TEST_HOST = "$(BUILT_PRODUCTS_DIR)/pochak.app/$(BUNDLE_EXECUTABLE_FOLDER_PATH)/pochak";
			};
			name = Release;
		};
		EA1B0B882A49D23B00F86FBC /* Debug */ = {
			isa = XCBuildConfiguration;
			baseConfigurationReference = 0994FB0CA794651C5C9BDE8F /* Pods-pochak-pochakUITests.debug.xcconfig */;
			buildSettings = {
				ALWAYS_EMBED_SWIFT_STANDARD_LIBRARIES = YES;
				CODE_SIGN_STYLE = Automatic;
				CURRENT_PROJECT_VERSION = 1;
				DEVELOPMENT_TEAM = 5JW43Z44U6;
				GENERATE_INFOPLIST_FILE = YES;
				MARKETING_VERSION = 1.0;
				PRODUCT_BUNDLE_IDENTIFIER = nari.pochakUITests;
				PRODUCT_NAME = "$(TARGET_NAME)";
				SWIFT_EMIT_LOC_STRINGS = NO;
				SWIFT_VERSION = 5.0;
				TARGETED_DEVICE_FAMILY = "1,2";
				TEST_TARGET_NAME = pochak;
			};
			name = Debug;
		};
		EA1B0B892A49D23B00F86FBC /* Release */ = {
			isa = XCBuildConfiguration;
			baseConfigurationReference = F9A6AE07B1A942C2FFC48F28 /* Pods-pochak-pochakUITests.release.xcconfig */;
			buildSettings = {
				ALWAYS_EMBED_SWIFT_STANDARD_LIBRARIES = YES;
				CODE_SIGN_STYLE = Automatic;
				CURRENT_PROJECT_VERSION = 1;
				DEVELOPMENT_TEAM = 5JW43Z44U6;
				GENERATE_INFOPLIST_FILE = YES;
				MARKETING_VERSION = 1.0;
				PRODUCT_BUNDLE_IDENTIFIER = nari.pochakUITests;
				PRODUCT_NAME = "$(TARGET_NAME)";
				SWIFT_EMIT_LOC_STRINGS = NO;
				SWIFT_VERSION = 5.0;
				TARGETED_DEVICE_FAMILY = "1,2";
				TEST_TARGET_NAME = pochak;
			};
			name = Release;
		};
/* End XCBuildConfiguration section */

/* Begin XCConfigurationList section */
		EA1B0B522A49D23A00F86FBC /* Build configuration list for PBXProject "pochak" */ = {
			isa = XCConfigurationList;
			buildConfigurations = (
				EA1B0B7F2A49D23B00F86FBC /* Debug */,
				EA1B0B802A49D23B00F86FBC /* Release */,
			);
			defaultConfigurationIsVisible = 0;
			defaultConfigurationName = Release;
		};
		EA1B0B812A49D23B00F86FBC /* Build configuration list for PBXNativeTarget "pochak" */ = {
			isa = XCConfigurationList;
			buildConfigurations = (
				EA1B0B822A49D23B00F86FBC /* Debug */,
				EA1B0B832A49D23B00F86FBC /* Release */,
			);
			defaultConfigurationIsVisible = 0;
			defaultConfigurationName = Release;
		};
		EA1B0B842A49D23B00F86FBC /* Build configuration list for PBXNativeTarget "pochakTests" */ = {
			isa = XCConfigurationList;
			buildConfigurations = (
				EA1B0B852A49D23B00F86FBC /* Debug */,
				EA1B0B862A49D23B00F86FBC /* Release */,
			);
			defaultConfigurationIsVisible = 0;
			defaultConfigurationName = Release;
		};
		EA1B0B872A49D23B00F86FBC /* Build configuration list for PBXNativeTarget "pochakUITests" */ = {
			isa = XCConfigurationList;
			buildConfigurations = (
				EA1B0B882A49D23B00F86FBC /* Debug */,
				EA1B0B892A49D23B00F86FBC /* Release */,
			);
			defaultConfigurationIsVisible = 0;
			defaultConfigurationName = Release;
		};
/* End XCConfigurationList section */
	};
	rootObject = EA1B0B4F2A49D23A00F86FBC /* Project object */;
}
